
Microsoft Visual Studio Solution File, Format Version 12.00
# Visual Studio Version 17
VisualStudioVersion = 17.0.31912.275
MinimumVisualStudioVersion = 10.0.40219.1
Project("{8BC9CEB8-8B4A-11D0-8D11-00A0C91BC942}") = "Problem3", "ProgrammersDayByDay.vcxproj", "{86A5991C-7B1D-49CA-9A13-B3B8B8C659F4}"
EndProject
Project("{8BC9CEB8-8B4A-11D0-8D11-00A0C91BC942}") = "Problem1", "..\Problem1\Problem1.vcxproj", "{F23DACB1-0975-4BF1-94BD-33E71B9A2A4A}"
EndProject
Project("{8BC9CEB8-8B4A-11D0-8D11-00A0C91BC942}") = "Problem2", "..\Problem2\Problem2.vcxproj", "{4D135449-4446-4EF9-99A4-41776F8A8F26}"
EndProject
Project("{8BC9CEB8-8B4A-11D0-8D11-00A0C91BC942}") = "Problem4", "..\Problem4\Problem4.vcxproj", "{6574C4E3-A16B-4BD4-9261-9890FF21412A}"
EndProject
Project("{8BC9CEB8-8B4A-11D0-8D11-00A0C91BC942}") = "Problem5", "..\Problem5\Problem5.vcxproj", "{2F1DA626-F71C-4A90-8DFF-41E4B85E0D68}"
EndProject
Project("{8BC9CEB8-8B4A-11D0-8D11-00A0C91BC942}") = "Problem6", "..\Problem6\Problem6.vcxproj", "{257969DF-B5DD-46B2-8BB6-53FEBDB55278}"
EndProject
Project("{8BC9CEB8-8B4A-11D0-8D11-00A0C91BC942}") = "Problem7", "..\Problem7\Problem7.vcxproj", "{4CAE040C-8A62-4A91-9D9D-7DE6DA3D3741}"
EndProject
Project("{8BC9CEB8-8B4A-11D0-8D11-00A0C91BC942}") = "Problem8", "..\Problem8\Problem8.vcxproj", "{D85F848B-33AF-4360-8FA3-7A57EF9BD2BD}"
EndProject
Project("{8BC9CEB8-8B4A-11D0-8D11-00A0C91BC942}") = "Problem9", "..\Problem9\Problem9.vcxproj", "{1202A4CE-0D39-4640-8D17-5F1275212013}"
EndProject
Project("{8BC9CEB8-8B4A-11D0-8D11-00A0C91BC942}") = "Problem10", "..\Problem10\Problem10.vcxproj", "{E7390E59-1D0F-44DC-9495-5A1CBA98373E}"
EndProject
Project("{8BC9CEB8-8B4A-11D0-8D11-00A0C91BC942}") = "Problem11", "..\Problem11\Problem11.vcxproj", "{1B2FBB25-1638-4874-88E5-A3EDE6C7C635}"
EndProject
Global
	GlobalSection(SolutionConfigurationPlatforms) = preSolution
		Debug|x64 = Debug|x64
		Debug|x86 = Debug|x86
		Release|x64 = Release|x64
		Release|x86 = Release|x86
	EndGlobalSection
	GlobalSection(ProjectConfigurationPlatforms) = postSolution
		{86A5991C-7B1D-49CA-9A13-B3B8B8C659F4}.Debug|x64.ActiveCfg = Debug|x64
		{86A5991C-7B1D-49CA-9A13-B3B8B8C659F4}.Debug|x64.Build.0 = Debug|x64
		{86A5991C-7B1D-49CA-9A13-B3B8B8C659F4}.Debug|x86.ActiveCfg = Debug|Win32
		{86A5991C-7B1D-49CA-9A13-B3B8B8C659F4}.Debug|x86.Build.0 = Debug|Win32
		{86A5991C-7B1D-49CA-9A13-B3B8B8C659F4}.Release|x64.ActiveCfg = Release|x64
		{86A5991C-7B1D-49CA-9A13-B3B8B8C659F4}.Release|x64.Build.0 = Release|x64
		{86A5991C-7B1D-49CA-9A13-B3B8B8C659F4}.Release|x86.ActiveCfg = Release|Win32
		{86A5991C-7B1D-49CA-9A13-B3B8B8C659F4}.Release|x86.Build.0 = Release|Win32
		{F23DACB1-0975-4BF1-94BD-33E71B9A2A4A}.Debug|x64.ActiveCfg = Debug|x64
		{F23DACB1-0975-4BF1-94BD-33E71B9A2A4A}.Debug|x64.Build.0 = Debug|x64
		{F23DACB1-0975-4BF1-94BD-33E71B9A2A4A}.Debug|x86.ActiveCfg = Debug|Win32
		{F23DACB1-0975-4BF1-94BD-33E71B9A2A4A}.Debug|x86.Build.0 = Debug|Win32
		{F23DACB1-0975-4BF1-94BD-33E71B9A2A4A}.Release|x64.ActiveCfg = Release|x64
		{F23DACB1-0975-4BF1-94BD-33E71B9A2A4A}.Release|x64.Build.0 = Release|x64
		{F23DACB1-0975-4BF1-94BD-33E71B9A2A4A}.Release|x86.ActiveCfg = Release|Win32
		{F23DACB1-0975-4BF1-94BD-33E71B9A2A4A}.Release|x86.Build.0 = Release|Win32
		{4D135449-4446-4EF9-99A4-41776F8A8F26}.Debug|x64.ActiveCfg = Debug|x64
		{4D135449-4446-4EF9-99A4-41776F8A8F26}.Debug|x64.Build.0 = Debug|x64
		{4D135449-4446-4EF9-99A4-41776F8A8F26}.Debug|x86.ActiveCfg = Debug|Win32
		{4D135449-4446-4EF9-99A4-41776F8A8F26}.Debug|x86.Build.0 = Debug|Win32
		{4D135449-4446-4EF9-99A4-41776F8A8F26}.Release|x64.ActiveCfg = Release|x64
		{4D135449-4446-4EF9-99A4-41776F8A8F26}.Release|x64.Build.0 = Release|x64
		{4D135449-4446-4EF9-99A4-41776F8A8F26}.Release|x86.ActiveCfg = Release|Win32
		{4D135449-4446-4EF9-99A4-41776F8A8F26}.Release|x86.Build.0 = Release|Win32
		{6574C4E3-A16B-4BD4-9261-9890FF21412A}.Debug|x64.ActiveCfg = Debug|x64
		{6574C4E3-A16B-4BD4-9261-9890FF21412A}.Debug|x64.Build.0 = Debug|x64
		{6574C4E3-A16B-4BD4-9261-9890FF21412A}.Debug|x86.ActiveCfg = Debug|Win32
		{6574C4E3-A16B-4BD4-9261-9890FF21412A}.Debug|x86.Build.0 = Debug|Win32
		{6574C4E3-A16B-4BD4-9261-9890FF21412A}.Release|x64.ActiveCfg = Release|x64
		{6574C4E3-A16B-4BD4-9261-9890FF21412A}.Release|x64.Build.0 = Release|x64
		{6574C4E3-A16B-4BD4-9261-9890FF21412A}.Release|x86.ActiveCfg = Release|Win32
		{6574C4E3-A16B-4BD4-9261-9890FF21412A}.Release|x86.Build.0 = Release|Win32
		{2F1DA626-F71C-4A90-8DFF-41E4B85E0D68}.Debug|x64.ActiveCfg = Debug|x64
		{2F1DA626-F71C-4A90-8DFF-41E4B85E0D68}.Debug|x64.Build.0 = Debug|x64
		{2F1DA626-F71C-4A90-8DFF-41E4B85E0D68}.Debug|x86.ActiveCfg = Debug|Win32
		{2F1DA626-F71C-4A90-8DFF-41E4B85E0D68}.Debug|x86.Build.0 = Debug|Win32
		{2F1DA626-F71C-4A90-8DFF-41E4B85E0D68}.Release|x64.ActiveCfg = Release|x64
		{2F1DA626-F71C-4A90-8DFF-41E4B85E0D68}.Release|x64.Build.0 = Release|x64
		{2F1DA626-F71C-4A90-8DFF-41E4B85E0D68}.Release|x86.ActiveCfg = Release|Win32
		{2F1DA626-F71C-4A90-8DFF-41E4B85E0D68}.Release|x86.Build.0 = Release|Win32
		{257969DF-B5DD-46B2-8BB6-53FEBDB55278}.Debug|x64.ActiveCfg = Debug|x64
		{257969DF-B5DD-46B2-8BB6-53FEBDB55278}.Debug|x64.Build.0 = Debug|x64
		{257969DF-B5DD-46B2-8BB6-53FEBDB55278}.Debug|x86.ActiveCfg = Debug|Win32
		{257969DF-B5DD-46B2-8BB6-53FEBDB55278}.Debug|x86.Build.0 = Debug|Win32
		{257969DF-B5DD-46B2-8BB6-53FEBDB55278}.Release|x64.ActiveCfg = Release|x64
		{257969DF-B5DD-46B2-8BB6-53FEBDB55278}.Release|x64.Build.0 = Release|x64
		{257969DF-B5DD-46B2-8BB6-53FEBDB55278}.Release|x86.ActiveCfg = Release|Win32
		{257969DF-B5DD-46B2-8BB6-53FEBDB55278}.Release|x86.Build.0 = Release|Win32
		{4CAE040C-8A62-4A91-9D9D-7DE6DA3D3741}.Debug|x64.ActiveCfg = Debug|x64
		{4CAE040C-8A62-4A91-9D9D-7DE6DA3D3741}.Debug|x64.Build.0 = Debug|x64
		{4CAE040C-8A62-4A91-9D9D-7DE6DA3D3741}.Debug|x86.ActiveCfg = Debug|Win32
		{4CAE040C-8A62-4A91-9D9D-7DE6DA3D3741}.Debug|x86.Build.0 = Debug|Win32
		{4CAE040C-8A62-4A91-9D9D-7DE6DA3D3741}.Release|x64.ActiveCfg = Release|x64
		{4CAE040C-8A62-4A91-9D9D-7DE6DA3D3741}.Release|x64.Build.0 = Release|x64
		{4CAE040C-8A62-4A91-9D9D-7DE6DA3D3741}.Release|x86.ActiveCfg = Release|Win32
		{4CAE040C-8A62-4A91-9D9D-7DE6DA3D3741}.Release|x86.Build.0 = Release|Win32
		{D85F848B-33AF-4360-8FA3-7A57EF9BD2BD}.Debug|x64.ActiveCfg = Debug|x64
		{D85F848B-33AF-4360-8FA3-7A57EF9BD2BD}.Debug|x64.Build.0 = Debug|x64
		{D85F848B-33AF-4360-8FA3-7A57EF9BD2BD}.Debug|x86.ActiveCfg = Debug|Win32
		{D85F848B-33AF-4360-8FA3-7A57EF9BD2BD}.Debug|x86.Build.0 = Debug|Win32
		{D85F848B-33AF-4360-8FA3-7A57EF9BD2BD}.Release|x64.ActiveCfg = Release|x64
		{D85F848B-33AF-4360-8FA3-7A57EF9BD2BD}.Release|x64.Build.0 = Release|x64
		{D85F848B-33AF-4360-8FA3-7A57EF9BD2BD}.Release|x86.ActiveCfg = Release|Win32
		{D85F848B-33AF-4360-8FA3-7A57EF9BD2BD}.Release|x86.Build.0 = Release|Win32
		{1202A4CE-0D39-4640-8D17-5F1275212013}.Debug|x64.ActiveCfg = Debug|x64
		{1202A4CE-0D39-4640-8D17-5F1275212013}.Debug|x64.Build.0 = Debug|x64
		{1202A4CE-0D39-4640-8D17-5F1275212013}.Debug|x86.ActiveCfg = Debug|Win32
		{1202A4CE-0D39-4640-8D17-5F1275212013}.Debug|x86.Build.0 = Debug|Win32
		{1202A4CE-0D39-4640-8D17-5F1275212013}.Release|x64.ActiveCfg = Release|x64
		{1202A4CE-0D39-4640-8D17-5F1275212013}.Release|x64.Build.0 = Release|x64
		{1202A4CE-0D39-4640-8D17-5F1275212013}.Release|x86.ActiveCfg = Release|Win32
		{1202A4CE-0D39-4640-8D17-5F1275212013}.Release|x86.Build.0 = Release|Win32
		{E7390E59-1D0F-44DC-9495-5A1CBA98373E}.Debug|x64.ActiveCfg = Debug|x64
		{E7390E59-1D0F-44DC-9495-5A1CBA98373E}.Debug|x64.Build.0 = Debug|x64
		{E7390E59-1D0F-44DC-9495-5A1CBA98373E}.Debug|x86.ActiveCfg = Debug|Win32
		{E7390E59-1D0F-44DC-9495-5A1CBA98373E}.Debug|x86.Build.0 = Debug|Win32
		{E7390E59-1D0F-44DC-9495-5A1CBA98373E}.Release|x64.ActiveCfg = Release|x64
		{E7390E59-1D0F-44DC-9495-5A1CBA98373E}.Release|x64.Build.0 = Release|x64
		{E7390E59-1D0F-44DC-9495-5A1CBA98373E}.Release|x86.ActiveCfg = Release|Win32
		{E7390E59-1D0F-44DC-9495-5A1CBA98373E}.Release|x86.Build.0 = Release|Win32
		{1B2FBB25-1638-4874-88E5-A3EDE6C7C635}.Debug|x64.ActiveCfg = Debug|x64
		{1B2FBB25-1638-4874-88E5-A3EDE6C7C635}.Debug|x64.Build.0 = Debug|x64
		{1B2FBB25-1638-4874-88E5-A3EDE6C7C635}.Debug|x86.ActiveCfg = Debug|Win32
		{1B2FBB25-1638-4874-88E5-A3EDE6C7C635}.Debug|x86.Build.0 = Debug|Win32
		{1B2FBB25-1638-4874-88E5-A3EDE6C7C635}.Release|x64.ActiveCfg = Release|x64
		{1B2FBB25-1638-4874-88E5-A3EDE6C7C635}.Release|x64.Build.0 = Release|x64
		{1B2FBB25-1638-4874-88E5-A3EDE6C7C635}.Release|x86.ActiveCfg = Release|Win32
		{1B2FBB25-1638-4874-88E5-A3EDE6C7C635}.Release|x86.Build.0 = Release|Win32
	EndGlobalSection
	GlobalSection(SolutionProperties) = preSolution
		HideSolutionNode = FALSE
	EndGlobalSection
	GlobalSection(ExtensibilityGlobals) = postSolution
		SolutionGuid = {672C3EB6-83CC-458D-945C-2DDFBBD70814}
	EndGlobalSection
EndGlobal
